{
  "lockfileVersion": 1,
  "configVersion": 1,
  "workspaces": {
    "": {
      "name": "hcc-fight-the-landfill-client",
      "devDependencies": {
        "@typescript/native-preview": "^7.0.0-dev.20260624.1",
        "lefthook": "^2.1.9",
        "oxfmt": "^0.56.0",
        "oxlint": "^1.71.0",
        "tsdown": "0.16.0",
        "ultracite": "7.8.3",
      },
    },
  },
  "packages": {
    "@babel/generator": ["@babel/generator@7.29.7", "", { "dependencies": { "@babel/parser": "^7.29.7", "@babel/types": "^7.29.7", "@jridgewell/gen-mapping": "^0.3.12", "@jridgewell/trace-mapping": "^0.3.28", "jsesc": "^3.0.2" } }, "sha512-DkXD5OJQaAQIdZ1bt3UZdEnHAn9Imd3IVBdX03UFe+ony9Ojw5pzr9YVKGDY1jt+Gcn/FnGkNf8r+Vj5NOJWtQ=="],

    "@babel/helper-string-parser": ["@babel/helper-string-parser@7.29.7", "", {}, "sha512-Pb5ijPrZ89GDH8223L4UP8i6QApWxs04RbPQJTeWDV0/keR2E36MeKnyr6LYmUUvqRRI+Iv87SuF1W6ErINzYw=="],

    "@babel/helper-validator-identifier": ["@babel/helper-validator-identifier@7.29.7", "", {}, "sha512-qehxGkRj55h/ff8EMaJ+cYhyaKlHIxqYDn682wQD7RNp9UujOQsHog2uS0r2vzr4pW+sXf90NeeayjcNaX3fFg=="],

    "@babel/parser": ["@babel/parser@7.29.7", "", { "dependencies": { "@babel/types": "^7.29.7" }, "bin": "./bin/babel-parser.js" }, "sha512-hnORnjP/1P/zFEndoeX+n+t1RwWRJiJpM/jO7FW32Kn9r5+sJB2JWOdYo4L6k78j15eCwY3Gm/7364B1EMwtNg=="],

    "@babel/types": ["@babel/types@7.29.7", "", { "dependencies": { "@babel/helper-string-parser": "^7.29.7", "@babel/helper-validator-identifier": "^7.29.7" } }, "sha512-4zBIxpPzowiZpusoFkyGVwakdRJUyuH5PxQ/PrqghfdFWWasvnCdPfQXHrenDai+gyLARulZjZowCOj6fjT4pA=="],

    "@clack/core": ["@clack/core@1.4.2", "", { "dependencies": { "fast-wrap-ansi": "^0.2.0", "sisteransi": "^1.0.5" } }, "sha512-0Ty/1Gfm+Kb07sXcuESjyKfwEhSy4Ns1AgeEisHb/bDY5fWme0tTeTkU14T1Gmcs17YIjB/teiDe4uaCghbYqQ=="],

    "@clack/prompts": ["@clack/prompts@1.6.0", "", { "dependencies": { "@clack/core": "1.4.2", "fast-string-width": "^3.0.2", "fast-wrap-ansi": "^0.2.0", "sisteransi": "^1.0.5" } }, "sha512-EYlRokl8szrP9Z25qT5aepMdBjzBvHF9ZEhzIiUBc9guz/T31EqRgvD0QSgZcpE93xiwrr+OkB4nz0BZyF6fSA=="],

    "@emnapi/core": ["@emnapi/core@1.11.1", "", { "dependencies": { "@emnapi/wasi-threads": "1.2.2", "tslib": "^2.4.0" } }, "sha512-RSvbQmHzdKzNsLYa/wHrbc3KN4sYLKAdPZxqiM2HATqv/SBk2/ENSHpvXGaLOMcsAyz0poEGqkmmKYG3OWiJEQ=="],

    "@emnapi/runtime": ["@emnapi/runtime@1.11.1", "", { "dependencies": { "tslib": "^2.4.0" } }, "sha512-vgj7R3y3Wgx24IQaGPA/R6YFXLHVMOZ0uVEyIQPaWs+rd1AzfEMXlAC22FYwO1XkKR6NPsq7mUandH8oIRdZFw=="],

    "@emnapi/wasi-threads": ["@emnapi/wasi-threads@1.2.2", "", { "dependencies": { "tslib": "^2.4.0" } }, "sha512-c95qOXkHdydNKhscBTebqEC1CVAZpyqOfVfBzQ1qgzyl3gfeldUjIggDbIZgDKsHLgnsM+igH7TJ/eAasaVuMA=="],

    "@jridgewell/gen-mapping": ["@jridgewell/gen-mapping@0.3.13", "", { "dependencies": { "@jridgewell/sourcemap-codec": "^1.5.0", "@jridgewell/trace-mapping": "^0.3.24" } }, "sha512-2kkt/7niJ6MgEPxF0bYdQ6etZaA+fQvDcLKckhy1yIQOzaoKjBBjSj63/aLVjYE3qhRt5dvM+uUyfCg6UKCBbA=="],

    "@jridgewell/resolve-uri": ["@jridgewell/resolve-uri@3.1.2", "", {}, "sha512-bRISgCIjP20/tbWSPWMEi54QVPRZExkuD9lJL+UIxUKtwVJA8wW1Trb1jMs1RFXo1CBTNZ/5hpC9QvmKWdopKw=="],

    "@jridgewell/sourcemap-codec": ["@jridgewell/sourcemap-codec@1.5.5", "", {}, "sha512-cYQ9310grqxueWbl+WuIUIaiUaDcj7WOq5fVhEljNVgRfOUhY9fy2zTvfoqWsnebh8Sl70VScFbICvJnLKB0Og=="],

    "@jridgewell/trace-mapping": ["@jridgewell/trace-mapping@0.3.31", "", { "dependencies": { "@jridgewell/resolve-uri": "^3.1.0", "@jridgewell/sourcemap-codec": "^1.4.14" } }, "sha512-zzNR+SdQSDJzc8joaeP8QQoCQr8NuYx2dIIytl1QeBEZHJ9uW6hebsrYgbz8hJwUQao3TWCMtmfV8Nu1twOLAw=="],

    "@napi-rs/wasm-runtime": ["@napi-rs/wasm-runtime@1.1.6", "", { "dependencies": { "@tybys/wasm-util": "^0.10.3" }, "peerDependencies": { "@emnapi/core": "^1.7.1", "@emnapi/runtime": "^1.7.1" } }, "sha512-ZLv/JdUfkvOy9eCnnBaGfiO+XimbjebAeO+MRQqD/B+FR1tnRN0tpKSJHRbE8sFfS6aqsXZ67TQjfwfsxULVbg=="],

    "@oxc-project/types": ["@oxc-project/types@0.96.0", "", {}, "sha512-r/xkmoXA0xEpU6UGtn18CNVjXH6erU3KCpCDbpLmbVxBFor1U9MqN5Z2uMmCHJuXjJzlnDR+hWY+yPoLo8oHDw=="],

    "@oxfmt/binding-android-arm-eabi": ["@oxfmt/binding-android-arm-eabi@0.56.0", "", { "os": "android", "cpu": "arm" }, "sha512-CSCxi7ovYojgfdPOdUb9T508HKeAdDIKeRGg7x8IZwVJrWz9gVgX7MbUnFqtQAE4QvoNo07mj2JlwnOzJw4qqA=="],

    "@oxfmt/binding-android-arm64": ["@oxfmt/binding-android-arm64@0.56.0", "", { "os": "android", "cpu": "arm64" }, "sha512-HYJFnd+PkDwf6S9ZPGzXXtjNqvRWFnnhdbWaouh4mi/SxU8wmDuzlMn3xo/wDTGnr4Q1VA7ZzOaE/D4biW0W6A=="],

    "@oxfmt/binding-darwin-arm64": ["@oxfmt/binding-darwin-arm64@0.56.0", "", { "os": "darwin", "cpu": "arm64" }, "sha512-sftR/bEOr+t1gs+evwsHi/Xbq2FAPA2uU3VMr8n6ZU9PoK/IMSfnfu7+OEe/uy1+knhrFl4Wvy7Vkm3uo9mJ7g=="],

    "@oxfmt/binding-darwin-x64": ["@oxfmt/binding-darwin-x64@0.56.0", "", { "os": "darwin", "cpu": "x64" }, "sha512-z66SdjLqa3MUPKvTp3Mbb5nSjKSbnYxJGeB+Wx987s8T5hPcIRiBMfnJ6zcPgYtQn3x5xjvdzNVkXrSeYH6ZFg=="],

    "@oxfmt/binding-freebsd-x64": ["@oxfmt/binding-freebsd-x64@0.56.0", "", { "os": "freebsd", "cpu": "x64" }, "sha512-t2tkrV1vtZyaItSQ71dTi2ZVKZEI39b/LqLT12V5KMfIeXK6N32TUC1jhOXKVQmhECq9j2ZXMQV3JeT1kh9Vmg=="],

    "@oxfmt/binding-linux-arm-gnueabihf": ["@oxfmt/binding-linux-arm-gnueabihf@0.56.0", "", { "os": "linux", "cpu": "arm" }, "sha512-+gCy+Tp3RHeXQ9y/QrS76lXIpZkbziTyp6hIgjB2MssCwfMph3vG/GEfkhO34Rai1vhYIaUkvv8UT1BcDorJPw=="],

    "@oxfmt/binding-linux-arm-musleabihf": ["@oxfmt/binding-linux-arm-musleabihf@0.56.0", "", { "os": "linux", "cpu": "arm" }, "sha512-0kKkVvQ2I+FJ2sxQyUu1zJ0yWP5kcWse/yVFnGQSFCXMwSSkfEaUGu0dW774O7nyy3jrcBGap7OSc8dZmU/CdA=="],

    "@oxfmt/binding-linux-arm64-gnu": ["@oxfmt/binding-linux-arm64-gnu@0.56.0", "", { "os": "linux", "cpu": "arm64" }, "sha512-npkA2siMbyWRh+wEhi1aTAx4RirukGcGNt8V4Ch86pG+xU9aurqS1MZOnKYMu03ISwat3rB6zkQx51SsB9obNw=="],

    "@oxfmt/binding-linux-arm64-musl": ["@oxfmt/binding-linux-arm64-musl@0.56.0", "", { "os": "linux", "cpu": "arm64" }, "sha512-UekqOjGkV4/MkqreCV9SPIB2jlR3/HbXrmhV1rVXJZ9wfDXMyCMriLtq3tHqLY4PkbVWNtfcm1kMojJ26KLSJw=="],

    "@oxfmt/binding-linux-ppc64-gnu": ["@oxfmt/binding-linux-ppc64-gnu@0.56.0", "", { "os": "linux", "cpu": "ppc64" }, "sha512-XSzveSpeZMD5XJpew5lRFVtNnT04xd3rJxENXmk7wkZzN9oWzv2aFJyoNDhOtoz69BYaS/fg4SYl+CfEZRpB0Q=="],

    "@oxfmt/binding-linux-riscv64-gnu": ["@oxfmt/binding-linux-riscv64-gnu@0.56.0", "", { "os": "linux", "cpu": "none" }, "sha512-EkQ0nJa7k7HDDIVuPF7WY+k4k+bzdclLYtyIXNt7/OqVghfNiMym6YGppFBgx1XRIHW6QylxBz5OogumPjPJbQ=="],

    "@oxfmt/binding-linux-riscv64-musl": ["@oxfmt/binding-linux-riscv64-musl@0.56.0", "", { "os": "linux", "cpu": "none" }, "sha512-dyjAGW8jKRge0ik6U/dgvQG0nVpA3iBlRskQTz5qJLvQWIrySxX5jpqzPetLBNIIZ231KA82fDdi1nLTk8ENCw=="],

    "@oxfmt/binding-linux-s390x-gnu": ["@oxfmt/binding-linux-s390x-gnu@0.56.0", "", { "os": "linux", "cpu": "s390x" }, "sha512-60ZGH3LtfqlW8X6vcLdSFY4lvCQYINurttYBKaALnHCDVAUCYJ1LsUgS6p1XOzVlzEDx3yNUZvDF1Lvt59zoZw=="],

    "@oxfmt/binding-linux-x64-gnu": ["@oxfmt/binding-linux-x64-gnu@0.56.0", "", { "os": "linux", "cpu": "x64" }, "sha512-u1suj1tgJHK4ZqB7buCtdbNef2n8+d0lXTPJwLHNmtyK6p+DTpsaoDvmqhQrA56fgKYv4LuRxNtL8YooebKOew=="],

    "@oxfmt/binding-linux-x64-musl": ["@oxfmt/binding-linux-x64-musl@0.56.0", "", { "os": "linux", "cpu": "x64" }, "sha512-aYGLvlQHt80y+qKEtfJY/Nm27G0125Lv+qyh9SJ4Cjc6lXnXjD+ndfhqQnbV24POpMi7rNRi0jvx/0d70FRpCQ=="],

    "@oxfmt/binding-openharmony-arm64": ["@oxfmt/binding-openharmony-arm64@0.56.0", "", { "os": "none", "cpu": "arm64" }, "sha512-H/re/gO+7ysVc+kywHNuzY3C33EN9sQcZhg0kp1ZwOZl7y998ZE5mhnBiuGR/nYI0pqLL5xQfrHVUOJ/cIJsCA=="],

    "@oxfmt/binding-win32-arm64-msvc": ["@oxfmt/binding-win32-arm64-msvc@0.56.0", "", { "os": "win32", "cpu": "arm64" }, "sha512-6qLNXfXmtAs8jXDvYMkxk6Wec5SUJoew+ZX1uOZmqaR7ks0EJFbAohuOCELDyJMWyVlxotVG8Xf8m74Bfq0O2w=="],

    "@oxfmt/binding-win32-ia32-msvc": ["@oxfmt/binding-win32-ia32-msvc@0.56.0", "", { "os": "win32", "cpu": "ia32" }, "sha512-UXEXuKphAe15bsob4AswNMArCw38XSmUIs3wk1s6e6MX9OWGW/IRWU95s1hZDiVg09STy1jHgyN2qkqbu1FT0w=="],

    "@oxfmt/binding-win32-x64-msvc": ["@oxfmt/binding-win32-x64-msvc@0.56.0", "", { "os": "win32", "cpu": "x64" }, "sha512-HPyNDjky+NIOuaMvHZflR+kst3YWdUOH2JUQYkf99grqZ5mEBTQM6h9iGy501Z8Xt5xMScrwHOuVCOlqDrktRw=="],

    "@oxlint/binding-android-arm-eabi": ["@oxlint/binding-android-arm-eabi@1.71.0", "", { "os": "android", "cpu": "arm" }, "sha512-ImGmd1njEg4FEJH03jhRnveEegtO3czCtfptvaHivKAZQIYATbVFBrrzbaYMYv0oJioTnxZAZVSyV+oL7W8S2g=="],

    "@oxlint/binding-android-arm64": ["@oxlint/binding-android-arm64@1.71.0", "", { "os": "android", "cpu": "arm64" }, "sha512-4A5BEexBrwY1YFF8Kiq/lp/wQPRG79G3BWIE1FuWaM5MvmpYSd+7ZySVcKkHdwo0UDzdQGddp6pD9mpctMqLnw=="],

    "@oxlint/binding-darwin-arm64": ["@oxlint/binding-darwin-arm64@1.71.0", "", { "os": "darwin", "cpu": "arm64" }, "sha512-9wJA9GJulLwS2usU3CEisI/ESDO1n1z9eyTCvApMDrAkbJ1ve0mORgTMjcWWsKxkzkeZ2N/Gpra5IQE7x8tYgQ=="],

    "@oxlint/binding-darwin-x64": ["@oxlint/binding-darwin-x64@1.71.0", "", { "os": "darwin", "cpu": "x64" }, "sha512-PlLCjS06V0PeJMAJwzjrExw1sYNW9Gch3JtNlcwwZDXGlTYDuwHNN89zYH8LTXFfgkVtsYvs2nv0FqrzyuFDzg=="],

    "@oxlint/binding-freebsd-x64": ["@oxlint/binding-freebsd-x64@1.71.0", "", { "os": "freebsd", "cpu": "x64" }, "sha512-Lhil7bWre0ncxbUoDoxfS0JzpTz17BRQKW7iwoAUY8GJ66+WwJEfYPCFJ1P0WgVZR5/O/b3Q2pENlHOjeXLOGQ=="],

    "@oxlint/binding-linux-arm-gnueabihf": ["@oxlint/binding-linux-arm-gnueabihf@1.71.0", "", { "os": "linux", "cpu": "arm" }, "sha512-Oo9/L58PYD3RC0x05d2upAPLllHytTjHQGsnC06P6Ynn7jKkp5mdImQxXdJ3+FnBaKspNpGogzgVsi6g872LiA=="],

    "@oxlint/binding-linux-arm-musleabihf": ["@oxlint/binding-linux-arm-musleabihf@1.71.0", "", { "os": "linux", "cpu": "arm" }, "sha512-mSHfyfgJrEbyIR29ejaeS50BdPk+GoNPlC1dckpDiUZbJAIel68sjSMdOt4WY0/gva+ECC7FNITQkxMJU+vSBw=="],

    "@oxlint/binding-linux-arm64-gnu": ["@oxlint/binding-linux-arm64-gnu@1.71.0", "", { "os": "linux", "cpu": "arm64" }, "sha512-n9yY4M2tiy3aij4AqtlnspzpfdpeT5JQfK2/w2d8oyp5W0FRwOb1dIeX99nORNcxGr08iD9bH8N5XFz3I2iy8w=="],

    "@oxlint/binding-linux-arm64-musl": ["@oxlint/binding-linux-arm64-musl@1.71.0", "", { "os": "linux", "cpu": "arm64" }, "sha512-fJZrs5sDZtTaPIOiemRQQmo82Ezy+vOGXemPc4Ok7iVVsYsFa7SlW6Z5XN819VfsqBHRm3NJ3rTdnR8+bJYJdQ=="],

    "@oxlint/binding-linux-ppc64-gnu": ["@oxlint/binding-linux-ppc64-gnu@1.71.0", "", { "os": "linux", "cpu": "ppc64" }, "sha512-cwl7VKGERIy9p+G+AvZdfy/06q0aHXaTt/mMRReC751iuNYJgqKjB7NydXSS30nBT9vtr2tunciOtrR4fD6FUA=="],

    "@oxlint/binding-linux-riscv64-gnu": ["@oxlint/binding-linux-riscv64-gnu@1.71.0", "", { "os": "linux", "cpu": "none" }, "sha512-eZ8ieVXvzGi8jr7+ybQGPK2STw3mldfxZlgA2738iflfB/rzA69sE6m5rDRpQaxC7dpm745Enlh1Tod0QAk9Gg=="],

    "@oxlint/binding-linux-riscv64-musl": ["@oxlint/binding-linux-riscv64-musl@1.71.0", "", { "os": "linux", "cpu": "none" }, "sha512-puMDbQYe6+NXwfMusojoA7CXGn2b3utukmd23PQqc1E3XhVCwyZ+FueSMzDYeNgDV2dUfIVXAAKZBcFDeCL6sA=="],

    "@oxlint/binding-linux-s390x-gnu": ["@oxlint/binding-linux-s390x-gnu@1.71.0", "", { "os": "linux", "cpu": "s390x" }, "sha512-4NJLxBs1ujISCt3L/1FcywLs73PWtJuw+piD6feK2V6h6OS6P7xu9/sWt1DTRLibe6QCzmfZzmM/2HPORoV/Lg=="],

    "@oxlint/binding-linux-x64-gnu": ["@oxlint/binding-linux-x64-gnu@1.71.0", "", { "os": "linux", "cpu": "x64" }, "sha512-cFDaiR8L3430qp88tfZnvFlt3KotFhR/DlbIL0nHOMMYiG/9Wy4l+6f7t8G8pTa9bd8Lt8+M0y/qjRQ/xcB74g=="],

    "@oxlint/binding-linux-x64-musl": ["@oxlint/binding-linux-x64-musl@1.71.0", "", { "os": "linux", "cpu": "x64" }, "sha512-orfixdt76KlpNly9z0PkWBBNfwjKz+JFVLP/7wnVchlKNU9Dpt9InU/ZggeSej6fC7qwHmHNOGlhLnQXcYoGuA=="],

    "@oxlint/binding-openharmony-arm64": ["@oxlint/binding-openharmony-arm64@1.71.0", "", { "os": "none", "cpu": "arm64" }, "sha512-9emQu2lAp6yhPB3XuI+++vR+l/o6JR1X+EpxwcumPdQXBWXEPAsquPGL7l158EqU8SebQMXTUa/S5zN98juyHw=="],

    "@oxlint/binding-win32-arm64-msvc": ["@oxlint/binding-win32-arm64-msvc@1.71.0", "", { "os": "win32", "cpu": "arm64" }, "sha512-bd5kI8spYwTm3BILDtGhi73zoup5dw8MlPQNT8YB3BD5UIsjNe3K9/4ctrzQMX4SZMoK5HgzVLkLJzacEXB7fA=="],

    "@oxlint/binding-win32-ia32-msvc": ["@oxlint/binding-win32-ia32-msvc@1.71.0", "", { "os": "win32", "cpu": "ia32" }, "sha512-W4HvOHGzVLHcrmFu+bMrJlho+/yrlX5ZNdJZqGe8MEldkQG+RHYhxxad9P4jvWAYFmIqUA5i9DQ8QsJqSU9GIw=="],

    "@oxlint/binding-win32-x64-msvc": ["@oxlint/binding-win32-x64-msvc@1.71.0", "", { "os": "win32", "cpu": "x64" }, "sha512-D2kyEIPHk/G/wiZLnwTVC/sVst+T/lKldVOjAFpgTIBUAOlry72e5OiapDbDBF4LfJLkN5ypJb/8Eu6yJzkveQ=="],

    "@quansync/fs": ["@quansync/fs@1.0.0", "", { "dependencies": { "quansync": "^1.0.0" } }, "sha512-4TJ3DFtlf1L5LDMaM6CanJ/0lckGNtJcMjQ1NAV6zDmA0tEHKZtxNKin8EgPaVX1YzljbxckyT2tJrpQKAtngQ=="],

    "@rolldown/binding-android-arm64": ["@rolldown/binding-android-arm64@1.0.0-beta.46", "", { "os": "android", "cpu": "arm64" }, "sha512-1nfXUqZ227uKuLw9S12OQZU5z+h+cUOXLW5orntWVxHWvt20pt1PGUcVoIU8ssngKABu0vzHY268kAxuYX24BQ=="],

    "@rolldown/binding-darwin-arm64": ["@rolldown/binding-darwin-arm64@1.0.0-beta.46", "", { "os": "darwin", "cpu": "arm64" }, "sha512-w4IyumCQkpA3ezZ37COG3mMusFYxjEE8zqCfXZU/qb5k1JMD2kVl0fgJafIbGli27tgelYMweXkJGnlrxSGT9Q=="],

    "@rolldown/binding-darwin-x64": ["@rolldown/binding-darwin-x64@1.0.0-beta.46", "", { "os": "darwin", "cpu": "x64" }, "sha512-9QqaRHPbdAnv306+7nzltq4CktJ49Z4W9ybHLWYxSeDSoOGL4l1QmxjDWoRHrqYEkNr+DWHqqoD4NNHgOk7lKw=="],

    "@rolldown/binding-freebsd-x64": ["@rolldown/binding-freebsd-x64@1.0.0-beta.46", "", { "os": "freebsd", "cpu": "x64" }, "sha512-Cuk5opdEMb+Evi7QcGArc4hWVoHSGz/qyUUWLTpFJWjylb8wH1u4f+HZE6gVGACuf4w/5P/VhAIamHyweAbBVQ=="],

    "@rolldown/binding-linux-arm-gnueabihf": ["@rolldown/binding-linux-arm-gnueabihf@1.0.0-beta.46", "", { "os": "linux", "cpu": "arm" }, "sha512-BPWDxEnxb4JNMXrSmPuc5ywI6cHOELofmT0e/WGkbL1MwKYRVvqTf+gMcGLF6zAV+OF5hLYMAEk8XKfao6xmDQ=="],

    "@rolldown/binding-linux-arm64-gnu": ["@rolldown/binding-linux-arm64-gnu@1.0.0-beta.46", "", { "os": "linux", "cpu": "arm64" }, "sha512-CDQSVlryuRC955EwgbBK1h/6xQyttSxQG8+6/PeOfvUlfKGPMbBdcsOEHzGve5ED1Y7Ovh2UFjY/eT106aQqig=="],

    "@rolldown/binding-linux-arm64-musl": ["@rolldown/binding-linux-arm64-musl@1.0.0-beta.46", "", { "os": "linux", "cpu": "arm64" }, "sha512-6IZHycZetmVaC9zwcl1aA9fPYPuxLa5apALjJRoJu/2BZdER3zBWxDnCzlEh4SUlo++cwdfV9ZQRK9JS8cLNuA=="],

    "@rolldown/binding-linux-x64-gnu": ["@rolldown/binding-linux-x64-gnu@1.0.0-beta.46", "", { "os": "linux", "cpu": "x64" }, "sha512-R/kI8fMnsxXvWzcMv5A408hfvrwtAwD/HdQKIE1HKWmfxdSHB11Y3PVwlnt7RVo7I++6mWCIxxj5o3gut4ibEw=="],

    "@rolldown/binding-linux-x64-musl": ["@rolldown/binding-linux-x64-musl@1.0.0-beta.46", "", { "os": "linux", "cpu": "x64" }, "sha512-vGUXKuHGUlG2XBwvN4A8KIegeaVVxN2ZxdGG9thycwRkzUvZ9ccKvqUVZM8cVRyNRWgVgsGCS18qLUefVplwKw=="],

    "@rolldown/binding-openharmony-arm64": ["@rolldown/binding-openharmony-arm64@1.0.0-beta.46", "", { "os": "none", "cpu": "arm64" }, "sha512-6SpDGH+0Dud3/RFDoC6fva6+Cm/0COnMRKR8kI4ssHWlCXPymlM59kYFCIBLZZqwURpNVVMPln4rWjxXuwD23w=="],

    "@rolldown/binding-wasm32-wasi": ["@rolldown/binding-wasm32-wasi@1.0.0-beta.46", "", { "dependencies": { "@napi-rs/wasm-runtime": "^1.0.7" }, "cpu": "none" }, "sha512-peWDGp8YUAbTw5RJzr9AuPlTuf2adr+TBNIGF6ysMbobBKuQL41wYfGQlcerXJfLmjnQLf6DU2zTPBTfrS2Y8A=="],

    "@rolldown/binding-win32-arm64-msvc": ["@rolldown/binding-win32-arm64-msvc@1.0.0-beta.46", "", { "os": "win32", "cpu": "arm64" }, "sha512-Ydbwg1JCnVbTAuDyKtu3dOuBLgZ6iZsy8p1jMPX/r7LMPnpXnS15GNcmMwa11nyl/M2VjGE1i/MORUTMt8mnRQ=="],

    "@rolldown/binding-win32-ia32-msvc": ["@rolldown/binding-win32-ia32-msvc@1.0.0-beta.46", "", { "os": "win32", "cpu": "ia32" }, "sha512-XcPZG2uDxEn6G3takXQvi7xWgDiJqdC0N6mubL/giKD4I65zgQtbadwlIR8oDB/erOahZr5IX8cRBVcK3xcvpg=="],

    "@rolldown/binding-win32-x64-msvc": ["@rolldown/binding-win32-x64-msvc@1.0.0-beta.46", "", { "os": "win32", "cpu": "x64" }, "sha512-VPC+F9S6nllv02aGG+gxHRgpOaOlYBPn94kDe9DCFSLOztf4uYIAkN+tLDlg5OcsOC8XNR5rP49zOfI0PfnHYw=="],

    "@rolldown/pluginutils": ["@rolldown/pluginutils@1.0.0-beta.46", "", {}, "sha512-xMNwJo/pHkEP/mhNVnW+zUiJDle6/hxrwO0mfSJuEVRbBfgrJFuUSRoZx/nYUw5pCjrysl9OkNXCkAdih8GCnA=="],

    "@tybys/wasm-util": ["@tybys/wasm-util@0.10.3", "", { "dependencies": { "tslib": "^2.4.0" } }, "sha512-F3fo1MYrRJYL3zER0OUOmkutjr1Vp23m7OsSgp7nq4SP6OqX6C/56XFIPAl5bt3zaBRjmW7SGz3u/6LwFpYcOg=="],

    "@typescript/native-preview": ["@typescript/native-preview@7.0.0-dev.20260624.1", "", { "optionalDependencies": { "@typescript/native-preview-darwin-arm64": "7.0.0-dev.20260624.1", "@typescript/native-preview-darwin-x64": "7.0.0-dev.20260624.1", "@typescript/native-preview-linux-arm": "7.0.0-dev.20260624.1", "@typescript/native-preview-linux-arm64": "7.0.0-dev.20260624.1", "@typescript/native-preview-linux-x64": "7.0.0-dev.20260624.1", "@typescript/native-preview-win32-arm64": "7.0.0-dev.20260624.1", "@typescript/native-preview-win32-x64": "7.0.0-dev.20260624.1" }, "bin": { "tsgo": "bin/tsgo.js" } }, "sha512-ogwfNo1xuAutOF8RbTCo3Ut0q/65u2ucOeHizi6O14q+3vnelNS+u8qVC2QWXubMcwtuN5E9cbfPslvGC4kdwA=="],

    "@typescript/native-preview-darwin-arm64": ["@typescript/native-preview-darwin-arm64@7.0.0-dev.20260624.1", "", { "os": "darwin", "cpu": "arm64" }, "sha512-g8CqDkYCHTCYdhBHXs5cMraBurOS+KrcMFxE0SsaKZoI6Tnp+le1aWvxUBbzNKJYyThHJqb/1mLopzEJxJCuKA=="],

    "@typescript/native-preview-darwin-x64": ["@typescript/native-preview-darwin-x64@7.0.0-dev.20260624.1", "", { "os": "darwin", "cpu": "x64" }, "sha512-P00JVvSV90eioYDuINAKmOSA8yhFTWLq6RvS5lrCfUuDlcgr2kSOgZAfFHIksHBVz6ZXpAXpa0dHPmc5SJ3Ymw=="],

    "@typescript/native-preview-linux-arm": ["@typescript/native-preview-linux-arm@7.0.0-dev.20260624.1", "", { "os": "linux", "cpu": "arm" }, "sha512-eWHELvfQMkVRjafMd+3ATgM9p9yAergJaM4AOY8AekCNWnHFwUrp/ohh+ryyMUIqque5jjb/kuTiOiGj728I2Q=="],

    "@typescript/native-preview-linux-arm64": ["@typescript/native-preview-linux-arm64@7.0.0-dev.20260624.1", "", { "os": "linux", "cpu": "arm64" }, "sha512-cppM2yTZ/Gd1hOXy8NEJcUBxJ0O0zl9CU3OU1ZWZ/OHWWX/ukEzCCr94SUwJhjIWOylBCpIYkrvYoTwxNa94XQ=="],

    "@typescript/native-preview-linux-x64": ["@typescript/native-preview-linux-x64@7.0.0-dev.20260624.1", "", { "os": "linux", "cpu": "x64" }, "sha512-FaB8rS+rKYz4nDrEsHsF3b4cn7eCKCYroMJReA375OuQ6PHcmCNQ6QlVetA0dfFBxTTgejmoKyfw9xgAA5P4Yw=="],

    "@typescript/native-preview-win32-arm64": ["@typescript/native-preview-win32-arm64@7.0.0-dev.20260624.1", "", { "os": "win32", "cpu": "arm64" }, "sha512-BgkqbCmSHDb5UxqWaFlFFJ/DHNT3lEUO4W8627ap6+QthJZuXk2imiHAX3PgYXC6en9fLLyR6jjcseAa4CCshg=="],

    "@typescript/native-preview-win32-x64": ["@typescript/native-preview-win32-x64@7.0.0-dev.20260624.1", "", { "os": "win32", "cpu": "x64" }, "sha512-WaZ+ue63NgB2j/lqjirfevh/TqcsCxSqnKhGGiRnlxHyYIBcoq+x7KngyEnyGIaywJE1PcFeXA+2EMSIPlSEiQ=="],

    "ansis": ["ansis@4.3.1", "", {}, "sha512-BJ8/l4R5LRE7hW9WdSuGYrLSHi2ynxeFpDFbH0K/CgNeY/tyhk+vO6TYxXC5r5CpUhNVX310xzPsN/H9lCdfOA=="],

    "ast-kit": ["ast-kit@2.2.0", "", { "dependencies": { "@babel/parser": "^7.28.5", "pathe": "^2.0.3" } }, "sha512-m1Q/RaVOnTp9JxPX+F+Zn7IcLYMzM8kZofDImfsKZd8MbR+ikdOzTeztStWqfrqIxZnYWryyI9ePm3NGjnZgGw=="],

    "balanced-match": ["balanced-match@4.0.4", "", {}, "sha512-BLrgEcRTwX2o6gGxGOCNyMvGSp35YofuYzw9h1IMTRmKqttAZZVU67bdb9Pr2vUHA8+j3i2tJfjO6C6+4myGTA=="],

    "birpc": ["birpc@2.9.0", "", {}, "sha512-KrayHS5pBi69Xi9JmvoqrIgYGDkD6mcSe/i6YKi3w5kekCLzrX4+nawcXqrj2tIp50Kw/mT/s3p+GVK0A0sKxw=="],

    "brace-expansion": ["brace-expansion@5.0.6", "", { "dependencies": { "balanced-match": "^4.0.2" } }, "sha512-kLpxurY4Z4r9sgMsyG0Z9uzsBlgiU/EFKhj/h91/8yHu0edo7XuixOIH3VcJ8kkxs6/jPzoI6U9Vj3WqbMQ94g=="],

    "cac": ["cac@6.7.14", "", {}, "sha512-b6Ilus+c3RrdDk+JhLKUAQfzzgLEPy6wcXqS7f/xe1EETvsDP6GORG7SFuOs6cID5YkqchW/LXZbX5bc8j7ZcQ=="],

    "chokidar": ["chokidar@4.0.3", "", { "dependencies": { "readdirp": "^4.0.1" } }, "sha512-Qgzu8kfBvo+cA4962jnP1KkS6Dop5NS6g7R5LFYJr4b8Ub94PPQXUksCw9PvXoeXPRRddRNC5C1JQUR2SMGtnA=="],

    "citty": ["citty@0.2.2", "", {}, "sha512-+6vJA3L98yv+IdfKGZHBNiGW5KHn22e/JwID0Strsz8h4S/csAu/OuICwxrg44k5MRiZHWIo8XXuJgQTriRP4w=="],

    "commander": ["commander@15.0.0", "", {}, "sha512-z67u4ZhzCL/Tydu1lJARtEZYWbWaN7oYLHbsuzocr6y4N6WZAagG3RQ4FW61V1/0+jImpj293XfrcYnd1qxtPg=="],

    "cross-spawn": ["cross-spawn@7.0.6", "", { "dependencies": { "path-key": "^3.1.0", "shebang-command": "^2.0.0", "which": "^2.0.1" } }, "sha512-uV2QOWP2nWzsy2aMp8aRibhi9dlzF5Hgh5SHaB9OiTGEyDTiJJyx0uy51QXdyWbtAHNua4XJzUKca3OzKUd3vA=="],

    "debug": ["debug@4.4.3", "", { "dependencies": { "ms": "^2.1.3" }, "peerDependencies": { "supports-color": "*" }, "optionalPeers": ["supports-color"] }, "sha512-RGwwWnwQvkVfavKVt22FGLw+xYSdzARwm0ru6DhTVA3umU5hZc28V3kO4stgYryrTlLpuvgI9GiijltAjNbcqA=="],

    "deepmerge": ["deepmerge@4.3.1", "", {}, "sha512-3sUqbMEc77XqpdNO7FRyRog+eW3ph+GYCbj+rK+uYyRMuwsVy0rMiVtPn+QJlKFvWP/1PYpapqYn0Me2knFn+A=="],

    "defu": ["defu@6.1.7", "", {}, "sha512-7z22QmUWiQ/2d0KkdYmANbRUVABpZ9SNYyH5vx6PZ+nE5bcC0l7uFvEfHlyld/HcGBFTL536ClDt3DEcSlEJAQ=="],

    "diff": ["diff@8.0.4", "", {}, "sha512-DPi0FmjiSU5EvQV0++GFDOJ9ASQUVFh5kD+OzOnYdi7n3Wpm9hWWGfB/O2blfHcMVTL5WkQXSnRiK9makhrcnw=="],

    "dts-resolver": ["dts-resolver@2.1.3", "", { "peerDependencies": { "oxc-resolver": ">=11.0.0" }, "optionalPeers": ["oxc-resolver"] }, "sha512-bihc7jPC90VrosXNzK0LTE2cuLP6jr0Ro8jk+kMugHReJVLIpHz/xadeq3MhuwyO4TD4OA3L1Q8pBBFRc08Tsw=="],

    "empathic": ["empathic@2.0.1", "", {}, "sha512-YGRs8knHhKHVShLkFET/rWAU8kmHbOV5LwN938RHI0pljAJ1Gf6SzXsSmRaEzcXTtOOmVqJ5+WtQPL5uigY50Q=="],

    "fast-string-truncated-width": ["fast-string-truncated-width@3.0.3", "", {}, "sha512-0jjjIEL6+0jag3l2XWWizO64/aZVtpiGE3t0Zgqxv0DPuxiMjvB3M24fCyhZUO4KomJQPj3LTSUnDP3GpdwC0g=="],

    "fast-string-width": ["fast-string-width@3.0.2", "", { "dependencies": { "fast-string-truncated-width": "^3.0.2" } }, "sha512-gX8LrtNEI5hq8DVUfRQMbr5lpaS4nMIWV+7XEbXk2b8kiQIizgnlr12B4dA3ZEx3308ze0O4Q1R+cHts8kyUJg=="],

    "fast-wrap-ansi": ["fast-wrap-ansi@0.2.2", "", { "dependencies": { "fast-string-width": "^3.0.2" } }, "sha512-7F2Fl+TjRSenLqlU3UjSH0iyqopqoZIu7eZVpEirP2g1GtWa2G/ecEmBdgz31+Mxr+ELclgg6sokpSFIQiZ02Q=="],

    "fdir": ["fdir@6.5.0", "", { "peerDependencies": { "picomatch": "^3 || ^4" }, "optionalPeers": ["picomatch"] }, "sha512-tIbYtZbucOs0BRGqPJkshJUYdL+SDH7dVM8gjy+ERp3WAUjLEFJE+02kanyHtwjWOnwrKYBiwAmM0p4kLJAnXg=="],

    "get-tsconfig": ["get-tsconfig@4.14.0", "", { "dependencies": { "resolve-pkg-maps": "^1.0.0" } }, "sha512-yTb+8DXzDREzgvYmh6s9vHsSVCHeC0G3PI5bEXNBHtmshPnO+S5O7qgLEOn0I5QvMy6kpZN8K1NKGyilLb93wA=="],

    "glob": ["glob@13.0.6", "", { "dependencies": { "minimatch": "^10.2.2", "minipass": "^7.1.3", "path-scurry": "^2.0.2" } }, "sha512-Wjlyrolmm8uDpm/ogGyXZXb1Z+Ca2B8NbJwqBVg0axK9GbBeoS7yGV6vjXnYdGm6X53iehEuxxbyiKp8QmN4Vw=="],

    "hookable": ["hookable@5.5.3", "", {}, "sha512-Yc+BQe8SvoXH1643Qez1zqLRmbA5rCL+sSmk6TVos0LWVfNIB7PGncdlId77WzLGSIB5KaWgTaNTs2lNVEI6VQ=="],

    "isexe": ["isexe@2.0.0", "", {}, "sha512-RHxMLp9lnKHGHRng9QFhRCMbYAcVpn69smSGcq3f36xjgVVWThj4qqLbTLlq7Ssj8B+fIQ1EuCEGI2lKsyQeIw=="],

    "jiti": ["jiti@2.7.0", "", { "bin": { "jiti": "lib/jiti-cli.mjs" } }, "sha512-AC/7JofJvZGrrneWNaEnJeOLUx+JlGt7tNa0wZiRPT4MY1wmfKjt2+6O2p2uz2+skll8OZZmJMNqeke7kKbNgQ=="],

    "jsesc": ["jsesc@3.1.0", "", { "bin": { "jsesc": "bin/jsesc" } }, "sha512-/sM3dO2FOzXjKQhJuo0Q173wf2KOo8t4I8vHy6lF9poUp7bKT0/NHE8fPX23PwfhnykfqnC2xRxOnVw5XuGIaA=="],

    "jsonc-parser": ["jsonc-parser@3.3.1", "", {}, "sha512-HUgH65KyejrUFPvHFPbqOY0rsFip3Bo5wb4ngvdi1EpCYWUQDC5V+Y7mZws+DLkr4M//zQJoanu1SP+87Dv1oQ=="],

    "lefthook": ["lefthook@2.1.9", "", { "optionalDependencies": { "lefthook-darwin-arm64": "2.1.9", "lefthook-darwin-x64": "2.1.9", "lefthook-freebsd-arm64": "2.1.9", "lefthook-freebsd-x64": "2.1.9", "lefthook-linux-arm64": "2.1.9", "lefthook-linux-x64": "2.1.9", "lefthook-openbsd-arm64": "2.1.9", "lefthook-openbsd-x64": "2.1.9", "lefthook-windows-arm64": "2.1.9", "lefthook-windows-x64": "2.1.9" }, "bin": { "lefthook": "bin/index.js" } }, "sha512-bwDaIOViTktE8kJLf9jP0p+H2/RDTlFFlc43Am2YgUsX22hI6Sq4RbzsrecwzY5y+MHTipOH7WsmWSEniePHWQ=="],

    "lefthook-darwin-arm64": ["lefthook-darwin-arm64@2.1.9", "", { "os": "darwin", "cpu": "arm64" }, "sha512-119HryNcvr4nqn0wUIrNPgpMEPn9yMQzEcW/lezRsnb56PCJriJB92+MCySPVcWDxJnZef7o0T3jdnPNiSH7Qg=="],

    "lefthook-darwin-x64": ["lefthook-darwin-x64@2.1.9", "", { "os": "darwin", "cpu": "x64" }, "sha512-dwo5Tke2XcQCM56DGHgFKBfRbJIL6xs2wZ0zG1TUVZgl4t4mQUt6LiZ4V/ZQfYHTZF9qywvXoIlR5N35qOaiVQ=="],

    "lefthook-freebsd-arm64": ["lefthook-freebsd-arm64@2.1.9", "", { "os": "freebsd", "cpu": "arm64" }, "sha512-+09PVap6nl6xsaHch5JLtq7WvIR++U1Q2MzA2ai0M4uB/VP3AqrvKqHw6+9hjyKnIH+HHL83uqi77EAY+LaxLA=="],

    "lefthook-freebsd-x64": ["lefthook-freebsd-x64@2.1.9", "", { "os": "freebsd", "cpu": "x64" }, "sha512-8XresjKIYpkE9ARgCtBEZgJZxAU3T4MIqzj4zNy15XRT59I1Us+QdqXTNm+pkZ41Yd2X/nxs2Pkvbq3NWWlIGw=="],

    "lefthook-linux-arm64": ["lefthook-linux-arm64@2.1.9", "", { "os": "linux", "cpu": "arm64" }, "sha512-1oNIQfwrPe6rgU2KcDM3aF6+hpZDCKx1TmawQKpXUY5gVsbZ7MqX0Sk/1lnnWxqPm+kQQ5f6J2dpFWd+4xH8jg=="],

    "lefthook-linux-x64": ["lefthook-linux-x64@2.1.9", "", { "os": "linux", "cpu": "x64" }, "sha512-fT+7Q+BJyGp+CslFQkNXmdFRgyVXsPHPi9NAsDX0a6QOyNnoORByAsvx6zeAKuF5rL3BBgNfho1/v2RuGxGy9w=="],

    "lefthook-openbsd-arm64": ["lefthook-openbsd-arm64@2.1.9", "", { "os": "openbsd", "cpu": "arm64" }, "sha512-4bVuafBk3dddVNo0+3hMbjcJs4mqYAstxpPMmX2ufkudSTYFNIhWoqwuGVQV/SS/xdcOKJAldW4qayAzed2ysw=="],

    "lefthook-openbsd-x64": ["lefthook-openbsd-x64@2.1.9", "", { "os": "openbsd", "cpu": "x64" }, "sha512-PmPoMmLP/wQQWcQ9u2YH86bTZ3UCfBsxuEmVTEyPU2U8R1qSTp5r/Gs3G8cN5Mxo91XB9oBERtF1n+xD3W6aVA=="],

    "lefthook-windows-arm64": ["lefthook-windows-arm64@2.1.9", "", { "os": "win32", "cpu": "arm64" }, "sha512-KphfkBKmwBnmolyrdhIl3lrBaOyTcCgXBT2AB/9OHnEXhOLvv5uTCUkrD4YRAxXPtFKq6UvnapIeoL3GZq0bdA=="],

    "lefthook-windows-x64": ["lefthook-windows-x64@2.1.9", "", { "os": "win32", "cpu": "x64" }, "sha512-2qlUtkJHZ3MyUxgV5XTEmcrIoNZA07iwaquoswAcqv/1MeBFXlD+O+koFRfrzWng2O5WYEbpJnd8tvaYnV8fTA=="],

    "lru-cache": ["lru-cache@11.5.1", "", {}, "sha512-RPimw/7aMdv2oqRrxKwvZXcPfwBrn/JZ2xYcY9Hus/6LaS3VOAKVWKWgNLCFSiOm1ESXinjsDlidVU7JlnCN2A=="],

    "magic-string": ["magic-string@0.30.21", "", { "dependencies": { "@jridgewell/sourcemap-codec": "^1.5.5" } }, "sha512-vd2F4YUyEXKGcLHoq+TEyCjxueSeHnFxyyjNp80yg0XV4vUhnDer/lvvlqM/arB5bXQN5K2/3oinyCRyx8T2CQ=="],

    "minimatch": ["minimatch@10.2.5", "", { "dependencies": { "brace-expansion": "^5.0.5" } }, "sha512-MULkVLfKGYDFYejP07QOurDLLQpcjk7Fw+7jXS2R2czRQzR56yHRveU5NDJEOviH+hETZKSkIk5c+T23GjFUMg=="],

    "minipass": ["minipass@7.1.3", "", {}, "sha512-tEBHqDnIoM/1rXME1zgka9g6Q2lcoCkxHLuc7ODJ5BxbP5d4c2Z5cGgtXAku59200Cx7diuHTOYfSBD8n6mm8A=="],

    "ms": ["ms@2.1.3", "", {}, "sha512-6FlzubTLZG3J2a/NVCAleEhjzq5oxgHyaCU9yYXvcLsvoVaHJq/s5xXI6/XXP6tz7R9xAOtHnSO/tXtF3WRTlA=="],

    "nypm": ["nypm@0.6.7", "", { "dependencies": { "citty": "^0.2.2", "pathe": "^2.0.3", "tinyexec": "^1.2.4" }, "bin": { "nypm": "./dist/cli.mjs" } }, "sha512-s3ds97SD5pd1dULE+tHUk1DrV0cSHOnsfpcdGATJ8JpBo21DoKqN9exTH4/2nhPQNOLomBdTFMicN94S4DrZrQ=="],

    "obug": ["obug@2.1.3", "", {}, "sha512-9miFgM2OFba7hB+pRgvtV84pYTBaoTHohvmIgiRt6dRIzbwEOIaNaP+dIlGs2fNFoB0SeISs0Jz5WFVRid6Xyg=="],

    "oxfmt": ["oxfmt@0.56.0", "", { "dependencies": { "tinypool": "2.1.0" }, "optionalDependencies": { "@oxfmt/binding-android-arm-eabi": "0.56.0", "@oxfmt/binding-android-arm64": "0.56.0", "@oxfmt/binding-darwin-arm64": "0.56.0", "@oxfmt/binding-darwin-x64": "0.56.0", "@oxfmt/binding-freebsd-x64": "0.56.0", "@oxfmt/binding-linux-arm-gnueabihf": "0.56.0", "@oxfmt/binding-linux-arm-musleabihf": "0.56.0", "@oxfmt/binding-linux-arm64-gnu": "0.56.0", "@oxfmt/binding-linux-arm64-musl": "0.56.0", "@oxfmt/binding-linux-ppc64-gnu": "0.56.0", "@oxfmt/binding-linux-riscv64-gnu": "0.56.0", "@oxfmt/binding-linux-riscv64-musl": "0.56.0", "@oxfmt/binding-linux-s390x-gnu": "0.56.0", "@oxfmt/binding-linux-x64-gnu": "0.56.0", "@oxfmt/binding-linux-x64-musl": "0.56.0", "@oxfmt/binding-openharmony-arm64": "0.56.0", "@oxfmt/binding-win32-arm64-msvc": "0.56.0", "@oxfmt/binding-win32-ia32-msvc": "0.56.0", "@oxfmt/binding-win32-x64-msvc": "0.56.0" }, "peerDependencies": { "svelte": "^5.0.0", "vite-plus": "*" }, "optionalPeers": ["svelte", "vite-plus"], "bin": { "oxfmt": "bin/oxfmt" } }, "sha512-9Dv0wV3zKiyvhjD7bRKaInKmHQ1sPx3RGOjQkGFJbbdQ16576yf8qhMSO9Q9cvHcs+1NpBsRTkuDDYFFPTJ6gw=="],

    "oxlint": ["oxlint@1.71.0", "", { "optionalDependencies": { "@oxlint/binding-android-arm-eabi": "1.71.0", "@oxlint/binding-android-arm64": "1.71.0", "@oxlint/binding-darwin-arm64": "1.71.0", "@oxlint/binding-darwin-x64": "1.71.0", "@oxlint/binding-freebsd-x64": "1.71.0", "@oxlint/binding-linux-arm-gnueabihf": "1.71.0", "@oxlint/binding-linux-arm-musleabihf": "1.71.0", "@oxlint/binding-linux-arm64-gnu": "1.71.0", "@oxlint/binding-linux-arm64-musl": "1.71.0", "@oxlint/binding-linux-ppc64-gnu": "1.71.0", "@oxlint/binding-linux-riscv64-gnu": "1.71.0", "@oxlint/binding-linux-riscv64-musl": "1.71.0", "@oxlint/binding-linux-s390x-gnu": "1.71.0", "@oxlint/binding-linux-x64-gnu": "1.71.0", "@oxlint/binding-linux-x64-musl": "1.71.0", "@oxlint/binding-openharmony-arm64": "1.71.0", "@oxlint/binding-win32-arm64-msvc": "1.71.0", "@oxlint/binding-win32-ia32-msvc": "1.71.0", "@oxlint/binding-win32-x64-msvc": "1.71.0" }, "peerDependencies": { "oxlint-tsgolint": ">=0.22.1", "vite-plus": "*" }, "optionalPeers": ["oxlint-tsgolint", "vite-plus"], "bin": { "oxlint": "bin/oxlint" } }, "sha512-U1m1X+C0vDj7DC1e13IoZULzEcPczE7UOMTs8VlZGHUEIUaSTZKo5qkPsQEfzpgnQ29Pea/w3Xntk62UCecxZw=="],

    "path-key": ["path-key@3.1.1", "", {}, "sha512-ojmeN0qd+y0jszEtoY48r0Peq5dwMEkIlCOu6Q5f41lfkswXuKtYrhgoTpLnyIcHm24Uhqx+5Tqm2InSwLhE6Q=="],

    "path-scurry": ["path-scurry@2.0.2", "", { "dependencies": { "lru-cache": "^11.0.0", "minipass": "^7.1.2" } }, "sha512-3O/iVVsJAPsOnpwWIeD+d6z/7PmqApyQePUtCndjatj/9I5LylHvt5qluFaBT3I5h3r1ejfR056c+FCv+NnNXg=="],

    "pathe": ["pathe@2.0.3", "", {}, "sha512-WUjGcAqP1gQacoQe+OBJsFA7Ld4DyXuUIjZ5cc75cLHvJ7dtNsTugphxIADwspS+AraAUePCKrSVtPLFj/F88w=="],

    "picomatch": ["picomatch@4.0.4", "", {}, "sha512-QP88BAKvMam/3NxH6vj2o21R6MjxZUAd6nlwAS/pnGvN9IVLocLHxGYIzFhg6fUQ+5th6P4dv4eW9jX3DSIj7A=="],

    "quansync": ["quansync@1.0.0", "", {}, "sha512-5xZacEEufv3HSTPQuchrvV6soaiACMFnq1H8wkVioctoH3TRha9Sz66lOxRwPK/qZj7HPiSveih9yAyh98gvqA=="],

    "readdirp": ["readdirp@4.1.2", "", {}, "sha512-GDhwkLfywWL2s6vEjyhri+eXmfH6j1L7JE27WhqLeYzoh/A3DBaYGEj2H/HFZCn/kMfim73FXxEJTw06WtxQwg=="],

    "resolve-pkg-maps": ["resolve-pkg-maps@1.0.0", "", {}, "sha512-seS2Tj26TBVOC2NIc2rOe2y2ZO7efxITtLZcGSOnHHNOQ7CkiUBfw0Iw2ck6xkIhPwLhKNLS8BO+hEpngQlqzw=="],

    "rolldown": ["rolldown@1.0.0-beta.46", "", { "dependencies": { "@oxc-project/types": "=0.96.0", "@rolldown/pluginutils": "1.0.0-beta.46" }, "optionalDependencies": { "@rolldown/binding-android-arm64": "1.0.0-beta.46", "@rolldown/binding-darwin-arm64": "1.0.0-beta.46", "@rolldown/binding-darwin-x64": "1.0.0-beta.46", "@rolldown/binding-freebsd-x64": "1.0.0-beta.46", "@rolldown/binding-linux-arm-gnueabihf": "1.0.0-beta.46", "@rolldown/binding-linux-arm64-gnu": "1.0.0-beta.46", "@rolldown/binding-linux-arm64-musl": "1.0.0-beta.46", "@rolldown/binding-linux-x64-gnu": "1.0.0-beta.46", "@rolldown/binding-linux-x64-musl": "1.0.0-beta.46", "@rolldown/binding-openharmony-arm64": "1.0.0-beta.46", "@rolldown/binding-wasm32-wasi": "1.0.0-beta.46", "@rolldown/binding-win32-arm64-msvc": "1.0.0-beta.46", "@rolldown/binding-win32-ia32-msvc": "1.0.0-beta.46", "@rolldown/binding-win32-x64-msvc": "1.0.0-beta.46" }, "bin": { "rolldown": "bin/cli.mjs" } }, "sha512-FYUbq0StVHOjkR/hEJ667Pup3ugeB9odBcbmxU5il9QfT9X2t/FPhkqFYQthbYxD2bKnQyO+2vHTgnmOHwZdeA=="],

    "rolldown-plugin-dts": ["rolldown-plugin-dts@0.17.8", "", { "dependencies": { "@babel/generator": "^7.28.5", "@babel/parser": "^7.28.5", "@babel/types": "^7.28.5", "ast-kit": "^2.2.0", "birpc": "^2.8.0", "dts-resolver": "^2.1.3", "get-tsconfig": "^4.13.0", "magic-string": "^0.30.21", "obug": "^2.0.0" }, "peerDependencies": { "@ts-macro/tsc": "^0.3.6", "@typescript/native-preview": ">=7.0.0-dev.20250601.1", "rolldown": "^1.0.0-beta.44", "typescript": "^5.0.0", "vue-tsc": "~3.1.0" }, "optionalPeers": ["@ts-macro/tsc", "@typescript/native-preview", "typescript", "vue-tsc"] }, "sha512-76EEBlhF00yeY6M7VpMkWKI4r9WjuoMiOGey7j4D6zf3m0BR+ZrrY9hvSXdueJ3ljxSLq4DJBKFpX/X9+L7EKw=="],

    "semver": ["semver@7.8.5", "", { "bin": { "semver": "bin/semver.js" } }, "sha512-Y7/KDsb8LjooZpwaqGyulO6DQlksgCncchHGk+sZIY4SBvUocMBEFH5Ur1fI4dV+Jvl0w6cjvucaIi40puRioA=="],

    "shebang-command": ["shebang-command@2.0.0", "", { "dependencies": { "shebang-regex": "^3.0.0" } }, "sha512-kHxr2zZpYtdmrN1qDjrrX/Z1rR1kG8Dx+gkpK1G4eXmvXswmcE1hTWBWYUzlraYw1/yZp6YuDY77YtvbN0dmDA=="],

    "shebang-regex": ["shebang-regex@3.0.0", "", {}, "sha512-7++dFhtcx3353uBaq8DDR4NuxBetBzC7ZQOhmTQInHEd6bSrXdiEyzCvG07Z44UYdLShWUyXt5M/yhz8ekcb1A=="],

    "sisteransi": ["sisteransi@1.0.5", "", {}, "sha512-bLGGlR1QxBcynn2d5YmDX4MGjlZvy2MRBDRNHLJ8VI6l6+9FUiyTFNJ0IveOSP0bcXgVDPRcfGqA0pjaqUpfVg=="],

    "tinyexec": ["tinyexec@1.2.4", "", {}, "sha512-SHf/r48b7vOrjve9PxJo3MN5v5yuyjHvdUcrQffT3WXMUfnGmHDVbC4k3sHJaJTgZCwpUplIaAo5ANtMyp3YHg=="],

    "tinyglobby": ["tinyglobby@0.2.17", "", { "dependencies": { "fdir": "^6.5.0", "picomatch": "^4.0.4" } }, "sha512-wXR/dYpcqKmfWpEdZjiKJOwCNFndD0DMnrW/cYjVGttEkBfVgcLFHoNrlj47mjOVic9yyNu65alsgF4NQyTa2g=="],

    "tinypool": ["tinypool@2.1.0", "", {}, "sha512-Pugqs6M0m7Lv1I7FtxN4aoyToKg1C4tu+/381vH35y8oENM/Ai7f7C4StcoK4/+BSw9ebcS8jRiVrORFKCALLw=="],

    "tree-kill": ["tree-kill@1.2.2", "", { "bin": { "tree-kill": "cli.js" } }, "sha512-L0Orpi8qGpRG//Nd+H90vFB+3iHnue1zSSGmNOOCh1GLJ7rUKVwV2HvijphGQS2UmhUZewS9VgvxYIdgr+fG1A=="],

    "tsdown": ["tsdown@0.16.0", "", { "dependencies": { "ansis": "^4.2.0", "cac": "^6.7.14", "chokidar": "^4.0.3", "debug": "^4.4.3", "diff": "^8.0.2", "empathic": "^2.0.0", "hookable": "^5.5.3", "rolldown": "1.0.0-beta.46", "rolldown-plugin-dts": "^0.17.3", "semver": "^7.7.3", "tinyexec": "^1.0.1", "tinyglobby": "^0.2.15", "tree-kill": "^1.2.2", "unconfig": "^7.3.3" }, "peerDependencies": { "@arethetypeswrong/core": "^0.18.1", "@vitejs/devtools": "^0.0.0-alpha.10", "publint": "^0.3.0", "typescript": "^5.0.0", "unplugin-lightningcss": "^0.4.0", "unplugin-unused": "^0.5.0", "unrun": "^0.2.1" }, "optionalPeers": ["@arethetypeswrong/core", "@vitejs/devtools", "publint", "typescript", "unplugin-lightningcss", "unplugin-unused", "unrun"], "bin": { "tsdown": "dist/run.mjs" } }, "sha512-VCqqxT5FbjCmxmLNlOLHiNhu1MBtdvCsk43murvUFloQzQzr/C0FRauWtAw7lAPmS40rZlgocCoTNFqX72WSTg=="],

    "tslib": ["tslib@2.8.1", "", {}, "sha512-oJFu94HQb+KVduSUQL7wnpmqnfmLsOA/nAh6b6EH0wCEoK0/mPeXU6c3wKDV83MkOuHPRHtSXKKU99IBazS/2w=="],

    "typescript": ["typescript@5.4.5", "", { "bin": { "tsc": "bin/tsc", "tsserver": "bin/tsserver" } }, "sha512-vcI4UpRgg81oIRUFwR0WSIHKt11nJ7SAVlYNIu+QpqeyXP+gpQJy/Z4+F0aGxSE4MqwjyXvW/TzgkLAx2AGHwQ=="],

    "ultracite": ["ultracite@7.8.3", "", { "dependencies": { "@clack/prompts": "^1.5.1", "commander": "^15.0.0", "cross-spawn": "^7.0.6", "deepmerge": "^4.3.1", "glob": "^13.0.6", "jsonc-parser": "^3.3.1", "nypm": "^0.6.6", "yaml": "^2.9.0", "zod": "^4.4.3" }, "peerDependencies": { "oxfmt": ">=0.1.0", "oxlint": "^1.0.0" }, "optionalPeers": ["oxfmt", "oxlint"], "bin": { "ultracite": "dist/index.js" } }, "sha512-Fsj9aYJfh57uDB6DrdKVafKhF0QNekwqTrZKoTMYePjZp1npyFCnfZVj2SnPZdOcxAGHJfmLYUIDq0YPh8acVA=="],

    "unconfig": ["unconfig@7.5.0", "", { "dependencies": { "@quansync/fs": "^1.0.0", "defu": "^6.1.4", "jiti": "^2.6.1", "quansync": "^1.0.0", "unconfig-core": "7.5.0" } }, "sha512-oi8Qy2JV4D3UQ0PsopR28CzdQ3S/5A1zwsUwp/rosSbfhJ5z7b90bIyTwi/F7hCLD4SGcZVjDzd4XoUQcEanvA=="],

    "unconfig-core": ["unconfig-core@7.5.0", "", { "dependencies": { "@quansync/fs": "^1.0.0", "quansync": "^1.0.0" } }, "sha512-Su3FauozOGP44ZmKdHy2oE6LPjk51M/TRRjHv2HNCWiDvfvCoxC2lno6jevMA91MYAdCdwP05QnWdWpSbncX/w=="],

    "which": ["which@2.0.2", "", { "dependencies": { "isexe": "^2.0.0" }, "bin": { "node-which": "./bin/node-which" } }, "sha512-BLI3Tl1TW3Pvl70l3yq3Y64i+awpwXqsGBYWkkqMtnbXgrMD+yj7rhW0kuEDxzJaYXGjEW5ogapKNMEKNMjibA=="],

    "yaml": ["yaml@2.9.0", "", { "bin": { "yaml": "bin.mjs" } }, "sha512-2AvhNX3mb8zd6Zy7INTtSpl1F15HW6Wnqj0srWlkKLcpYl/gMIMJiyuGq2KeI2YFxUPjdlB+3Lc10seMLtL4cA=="],

    "zod": ["zod@4.4.3", "", {}, "sha512-ytENFjIJFl2UwYglde2jchW2Hwm4GJFLDiSXWdTrJQBIN9Fcyp7n4DhxJEiWNAJMV1/BqWfW/kkg71UDcHJyTQ=="],
  }
}
